
Microsoft Visual Studio Solution File, Format Version 12.00
# Visual Studio Version 17
VisualStudioVersion = 17.0.31903.59
MinimumVisualStudioVersion = 10.0.40219.1
Project("{2150E333-8FDC-42A3-9474-1A3956D46DE8}") = "src", "src", "{827E0CD3-B72D-47B6-A68D-7590B98EB39B}"
EndProject
Project("{FAE04EC0-301F-11D3-BF4B-00C04F79EFBC}") = "CalibraHub.Domain", "src\CalibraHub.Domain\CalibraHub.Domain.csproj", "{A8BF9C40-A6E8-4E54-99C0-A11E5AEF53E1}"
EndProject
Project("{FAE04EC0-301F-11D3-BF4B-00C04F79EFBC}") = "CalibraHub.Application", "src\CalibraHub.Application\CalibraHub.Application.csproj", "{BF7D2544-A3B9-4D4F-A34D-937603AD931E}"
EndProject
Project("{FAE04EC0-301F-11D3-BF4B-00C04F79EFBC}") = "CalibraHub.Persistence", "src\CalibraHub.Persistence\CalibraHub.Persistence.csproj", "{9D8361B8-33B6-43C2-BB03-EE29D1412AFC}"
EndProject
Project("{FAE04EC0-301F-11D3-BF4B-00C04F79EFBC}") = "CalibraHub.Infrastructure", "src\CalibraHub.Infrastructure\CalibraHub.Infrastructure.csproj", "{A85AFD8B-9C92-4062-9371-479E169B2BBB}"
EndProject
Project("{FAE04EC0-301F-11D3-BF4B-00C04F79EFBC}") = "CalibraHub.Web", "src\CalibraHub.Web\CalibraHub.Web.csproj", "{0CF06C99-D6E3-4ACA-B3DD-489A12AECDC6}"
EndProject
Project("{FAE04EC0-301F-11D3-BF4B-00C04F79EFBC}") = "CalibraHub.Worker", "src\CalibraHub.Worker\CalibraHub.Worker.csproj", "{907226B3-6C9F-438E-8AAE-E01C32D486F0}"
EndProject
Project("{FAE04EC0-301F-11D3-BF4B-00C04F79EFBC}") = "CalibraHub.Designer", "src\CalibraHub.Designer\CalibraHub.Designer.csproj", "{E90E8B9C-A26F-4D58-BC85-72315D49FC9A}"
EndProject
Global
	GlobalSection(SolutionConfigurationPlatforms) = preSolution
		Debug|Any CPU = Debug|Any CPU
		Debug|x64 = Debug|x64
		Debug|x86 = Debug|x86
		Release|Any CPU = Release|Any CPU
		Release|x64 = Release|x64
		Release|x86 = Release|x86
	EndGlobalSection
	GlobalSection(ProjectConfigurationPlatforms) = postSolution
		{A8BF9C40-A6E8-4E54-99C0-A11E5AEF53E1}.Debug|Any CPU.ActiveCfg = Debug|Any CPU
		{A8BF9C40-A6E8-4E54-99C0-A11E5AEF53E1}.Debug|Any CPU.Build.0 = Debug|Any CPU
		{A8BF9C40-A6E8-4E54-99C0-A11E5AEF53E1}.Debug|x64.ActiveCfg = Debug|Any CPU
		{A8BF9C40-A6E8-4E54-99C0-A11E5AEF53E1}.Debug|x64.Build.0 = Debug|Any CPU
		{A8BF9C40-A6E8-4E54-99C0-A11E5AEF53E1}.Debug|x86.ActiveCfg = Debug|Any CPU
		{A8BF9C40-A6E8-4E54-99C0-A11E5AEF53E1}.Debug|x86.Build.0 = Debug|Any CPU
		{A8BF9C40-A6E8-4E54-99C0-A11E5AEF53E1}.Release|Any CPU.ActiveCfg = Release|Any CPU
		{A8BF9C40-A6E8-4E54-99C0-A11E5AEF53E1}.Release|Any CPU.Build.0 = Release|Any CPU
		{A8BF9C40-A6E8-4E54-99C0-A11E5AEF53E1}.Release|x64.ActiveCfg = Release|Any CPU
		{A8BF9C40-A6E8-4E54-99C0-A11E5AEF53E1}.Release|x64.Build.0 = Release|Any CPU
		{A8BF9C40-A6E8-4E54-99C0-A11E5AEF53E1}.Release|x86.ActiveCfg = Release|Any CPU
		{A8BF9C40-A6E8-4E54-99C0-A11E5AEF53E1}.Release|x86.Build.0 = Release|Any CPU
		{BF7D2544-A3B9-4D4F-A34D-937603AD931E}.Debug|Any CPU.ActiveCfg = Debug|Any CPU
		{BF7D2544-A3B9-4D4F-A34D-937603AD931E}.Debug|Any CPU.Build.0 = Debug|Any CPU
		{BF7D2544-A3B9-4D4F-A34D-937603AD931E}.Debug|x64.ActiveCfg = Debug|Any CPU
		{BF7D2544-A3B9-4D4F-A34D-937603AD931E}.Debug|x64.Build.0 = Debug|Any CPU
		{BF7D2544-A3B9-4D4F-A34D-937603AD931E}.Debug|x86.ActiveCfg = Debug|Any CPU
		{BF7D2544-A3B9-4D4F-A34D-937603AD931E}.Debug|x86.Build.0 = Debug|Any CPU
		{BF7D2544-A3B9-4D4F-A34D-937603AD931E}.Release|Any CPU.ActiveCfg = Release|Any CPU
		{BF7D2544-A3B9-4D4F-A34D-937603AD931E}.Release|Any CPU.Build.0 = Release|Any CPU
		{BF7D2544-A3B9-4D4F-A34D-937603AD931E}.Release|x64.ActiveCfg = Release|Any CPU
		{BF7D2544-A3B9-4D4F-A34D-937603AD931E}.Release|x64.Build.0 = Release|Any CPU
		{BF7D2544-A3B9-4D4F-A34D-937603AD931E}.Release|x86.ActiveCfg = Release|Any CPU
		{BF7D2544-A3B9-4D4F-A34D-937603AD931E}.Release|x86.Build.0 = Release|Any CPU
		{9D8361B8-33B6-43C2-BB03-EE29D1412AFC}.Debug|Any CPU.ActiveCfg = Debug|Any CPU
		{9D8361B8-33B6-43C2-BB03-EE29D1412AFC}.Debug|Any CPU.Build.0 = Debug|Any CPU
		{9D8361B8-33B6-43C2-BB03-EE29D1412AFC}.Debug|x64.ActiveCfg = Debug|Any CPU
		{9D8361B8-33B6-43C2-BB03-EE29D1412AFC}.Debug|x64.Build.0 = Debug|Any CPU
		{9D8361B8-33B6-43C2-BB03-EE29D1412AFC}.Debug|x86.ActiveCfg = Debug|Any CPU
		{9D8361B8-33B6-43C2-BB03-EE29D1412AFC}.Debug|x86.Build.0 = Debug|Any CPU
		{9D8361B8-33B6-43C2-BB03-EE29D1412AFC}.Release|Any CPU.ActiveCfg = Release|Any CPU
		{9D8361B8-33B6-43C2-BB03-EE29D1412AFC}.Release|Any CPU.Build.0 = Release|Any CPU
		{9D8361B8-33B6-43C2-BB03-EE29D1412AFC}.Release|x64.ActiveCfg = Release|Any CPU
		{9D8361B8-33B6-43C2-BB03-EE29D1412AFC}.Release|x64.Build.0 = Release|Any CPU
		{9D8361B8-33B6-43C2-BB03-EE29D1412AFC}.Release|x86.ActiveCfg = Release|Any CPU
		{9D8361B8-33B6-43C2-BB03-EE29D1412AFC}.Release|x86.Build.0 = Release|Any CPU
		{A85AFD8B-9C92-4062-9371-479E169B2BBB}.Debug|Any CPU.ActiveCfg = Debug|Any CPU
		{A85AFD8B-9C92-4062-9371-479E169B2BBB}.Debug|Any CPU.Build.0 = Debug|Any CPU
		{A85AFD8B-9C92-4062-9371-479E169B2BBB}.Debug|x64.ActiveCfg = Debug|Any CPU
		{A85AFD8B-9C92-4062-9371-479E169B2BBB}.Debug|x64.Build.0 = Debug|Any CPU
		{A85AFD8B-9C92-4062-9371-479E169B2BBB}.Debug|x86.ActiveCfg = Debug|Any CPU
		{A85AFD8B-9C92-4062-9371-479E169B2BBB}.Debug|x86.Build.0 = Debug|Any CPU
		{A85AFD8B-9C92-4062-9371-479E169B2BBB}.Release|Any CPU.ActiveCfg = Release|Any CPU
		{A85AFD8B-9C92-4062-9371-479E169B2BBB}.Release|Any CPU.Build.0 = Release|Any CPU
		{A85AFD8B-9C92-4062-9371-479E169B2BBB}.Release|x64.ActiveCfg = Release|Any CPU
		{A85AFD8B-9C92-4062-9371-479E169B2BBB}.Release|x64.Build.0 = Release|Any CPU
		{A85AFD8B-9C92-4062-9371-479E169B2BBB}.Release|x86.ActiveCfg = Release|Any CPU
		{A85AFD8B-9C92-4062-9371-479E169B2BBB}.Release|x86.Build.0 = Release|Any CPU
		{0CF06C99-D6E3-4ACA-B3DD-489A12AECDC6}.Debug|Any CPU.ActiveCfg = Debug|Any CPU
		{0CF06C99-D6E3-4ACA-B3DD-489A12AECDC6}.Debug|Any CPU.Build.0 = Debug|Any CPU
		{0CF06C99-D6E3-4ACA-B3DD-489A12AECDC6}.Debug|x64.ActiveCfg = Debug|Any CPU
		{0CF06C99-D6E3-4ACA-B3DD-489A12AECDC6}.Debug|x64.Build.0 = Debug|Any CPU
		{0CF06C99-D6E3-4ACA-B3DD-489A12AECDC6}.Debug|x86.ActiveCfg = Debug|Any CPU
		{0CF06C99-D6E3-4ACA-B3DD-489A12AECDC6}.Debug|x86.Build.0 = Debug|Any CPU
		{0CF06C99-D6E3-4ACA-B3DD-489A12AECDC6}.Release|Any CPU.ActiveCfg = Release|Any CPU
		{0CF06C99-D6E3-4ACA-B3DD-489A12AECDC6}.Release|Any CPU.Build.0 = Release|Any CPU
		{0CF06C99-D6E3-4ACA-B3DD-489A12AECDC6}.Release|x64.ActiveCfg = Release|Any CPU
		{0CF06C99-D6E3-4ACA-B3DD-489A12AECDC6}.Release|x64.Build.0 = Release|Any CPU
		{0CF06C99-D6E3-4ACA-B3DD-489A12AECDC6}.Release|x86.ActiveCfg = Release|Any CPU
		{0CF06C99-D6E3-4ACA-B3DD-489A12AECDC6}.Release|x86.Build.0 = Release|Any CPU
		{907226B3-6C9F-438E-8AAE-E01C32D486F0}.Debug|Any CPU.ActiveCfg = Debug|Any CPU
		{907226B3-6C9F-438E-8AAE-E01C32D486F0}.Debug|Any CPU.Build.0 = Debug|Any CPU
		{907226B3-6C9F-438E-8AAE-E01C32D486F0}.Debug|x64.ActiveCfg = Debug|Any CPU
		{907226B3-6C9F-438E-8AAE-E01C32D486F0}.Debug|x64.Build.0 = Debug|Any CPU
		{907226B3-6C9F-438E-8AAE-E01C32D486F0}.Debug|x86.ActiveCfg = Debug|Any CPU
		{907226B3-6C9F-438E-8AAE-E01C32D486F0}.Debug|x86.Build.0 = Debug|Any CPU
		{907226B3-6C9F-438E-8AAE-E01C32D486F0}.Release|Any CPU.ActiveCfg = Release|Any CPU
		{907226B3-6C9F-438E-8AAE-E01C32D486F0}.Release|Any CPU.Build.0 = Release|Any CPU
		{907226B3-6C9F-438E-8AAE-E01C32D486F0}.Release|x64.ActiveCfg = Release|Any CPU
		{907226B3-6C9F-438E-8AAE-E01C32D486F0}.Release|x64.Build.0 = Release|Any CPU
		{907226B3-6C9F-438E-8AAE-E01C32D486F0}.Release|x86.ActiveCfg = Release|Any CPU
		{907226B3-6C9F-438E-8AAE-E01C32D486F0}.Release|x86.Build.0 = Release|Any CPU
		{E90E8B9C-A26F-4D58-BC85-72315D49FC9A}.Debug|Any CPU.ActiveCfg = Debug|Any CPU
		{E90E8B9C-A26F-4D58-BC85-72315D49FC9A}.Debug|Any CPU.Build.0 = Debug|Any CPU
		{E90E8B9C-A26F-4D58-BC85-72315D49FC9A}.Debug|x64.ActiveCfg = Debug|Any CPU
		{E90E8B9C-A26F-4D58-BC85-72315D49FC9A}.Debug|x64.Build.0 = Debug|Any CPU
		{E90E8B9C-A26F-4D58-BC85-72315D49FC9A}.Debug|x86.ActiveCfg = Debug|Any CPU
		{E90E8B9C-A26F-4D58-BC85-72315D49FC9A}.Debug|x86.Build.0 = Debug|Any CPU
		{E90E8B9C-A26F-4D58-BC85-72315D49FC9A}.Release|Any CPU.ActiveCfg = Release|Any CPU
		{E90E8B9C-A26F-4D58-BC85-72315D49FC9A}.Release|Any CPU.Build.0 = Release|Any CPU
		{E90E8B9C-A26F-4D58-BC85-72315D49FC9A}.Release|x64.ActiveCfg = Release|Any CPU
		{E90E8B9C-A26F-4D58-BC85-72315D49FC9A}.Release|x64.Build.0 = Release|Any CPU
		{E90E8B9C-A26F-4D58-BC85-72315D49FC9A}.Release|x86.ActiveCfg = Release|Any CPU
		{E90E8B9C-A26F-4D58-BC85-72315D49FC9A}.Release|x86.Build.0 = Release|Any CPU
	EndGlobalSection
	GlobalSection(SolutionProperties) = preSolution
		HideSolutionNode = FALSE
	EndGlobalSection
	GlobalSection(NestedProjects) = preSolution
		{A8BF9C40-A6E8-4E54-99C0-A11E5AEF53E1} = {827E0CD3-B72D-47B6-A68D-7590B98EB39B}
		{BF7D2544-A3B9-4D4F-A34D-937603AD931E} = {827E0CD3-B72D-47B6-A68D-7590B98EB39B}
		{9D8361B8-33B6-43C2-BB03-EE29D1412AFC} = {827E0CD3-B72D-47B6-A68D-7590B98EB39B}
		{A85AFD8B-9C92-4062-9371-479E169B2BBB} = {827E0CD3-B72D-47B6-A68D-7590B98EB39B}
		{0CF06C99-D6E3-4ACA-B3DD-489A12AECDC6} = {827E0CD3-B72D-47B6-A68D-7590B98EB39B}
		{907226B3-6C9F-438E-8AAE-E01C32D486F0} = {827E0CD3-B72D-47B6-A68D-7590B98EB39B}
		{E90E8B9C-A26F-4D58-BC85-72315D49FC9A} = {827E0CD3-B72D-47B6-A68D-7590B98EB39B}
	EndGlobalSection
EndGlobal
